// !$*UTF8*$!
{
	archiveVersion = 1;
	classes = {
	};
	objectVersion = 56;
	objects = {

/* Begin PBXBuildFile section */
		8DC0F0792B87EC7D00E29FB2 /* AppDelegate.swift in Sources */ = {isa = PBXBuildFile; fileRef = 8DC0F0782B87EC7D00E29FB2 /* AppDelegate.swift */; };
		8DC0F07D2B87EC7D00E29FB2 /* HomeViewController.swift in Sources */ = {isa = PBXBuildFile; fileRef = 8DC0F07C2B87EC7D00E29FB2 /* HomeViewController.swift */; };
		8DC0F08E2B87ECDE00E29FB2 /* SnapKit in Frameworks */ = {isa = PBXBuildFile; productRef = 8DC0F08D2B87ECDE00E29FB2 /* SnapKit */; };
		8DC0F0902B87ECDE00E29FB2 /* SnapKit-Dynamic in Frameworks */ = {isa = PBXBuildFile; productRef = 8DC0F08F2B87ECDE00E29FB2 /* SnapKit-Dynamic */; };
		8DC0F0922B87ED2900E29FB2 /* TabBarController.swift in Sources */ = {isa = PBXBuildFile; fileRef = 8DC0F0912B87ED2900E29FB2 /* TabBarController.swift */; };
		8DC0F0952B87F12900E29FB2 /* SearchViewController.swift in Sources */ = {isa = PBXBuildFile; fileRef = 8DC0F0942B87F12900E29FB2 /* SearchViewController.swift */; };
		8DC0F0972B87F14200E29FB2 /* FavoriteViewController.swift in Sources */ = {isa = PBXBuildFile; fileRef = 8DC0F0962B87F14200E29FB2 /* FavoriteViewController.swift */; };
		8DC0F09B2B8834E600E29FB2 /* MovieDetailViewController.swift in Sources */ = {isa = PBXBuildFile; fileRef = 8DC0F09A2B8834E600E29FB2 /* MovieDetailViewController.swift */; };
		8DC0F0A32B883B8100E29FB2 /* Movie.swift in Sources */ = {isa = PBXBuildFile; fileRef = 8DC0F0A22B883B8100E29FB2 /* Movie.swift */; };
		8DC0F0A52B883B9B00E29FB2 /* SingleMovie.swift in Sources */ = {isa = PBXBuildFile; fileRef = 8DC0F0A42B883B9B00E29FB2 /* SingleMovie.swift */; };
		8DC0F0A82B883D5E00E29FB2 /* APIManager.swift in Sources */ = {isa = PBXBuildFile; fileRef = 8DC0F0A72B883D5E00E29FB2 /* APIManager.swift */; };
		8DC0F0AB2B883DEA00E29FB2 /* MovieService.swift in Sources */ = {isa = PBXBuildFile; fileRef = 8DC0F0AA2B883DEA00E29FB2 /* MovieService.swift */; };
		8DC0F0AD2B8984DB00E29FB2 /* MovieCredit.swift in Sources */ = {isa = PBXBuildFile; fileRef = 8DC0F0AC2B8984DB00E29FB2 /* MovieCredit.swift */; };
		8DC0F0AF2B898D6B00E29FB2 /* MovieTrailer.swift in Sources */ = {isa = PBXBuildFile; fileRef = 8DC0F0AE2B898D6B00E29FB2 /* MovieTrailer.swift */; };
		8DC0F0B22B899BD500E29FB2 /* MovieViewModelOutput.swift in Sources */ = {isa = PBXBuildFile; fileRef = 8DC0F0B12B899BD500E29FB2 /* MovieViewModelOutput.swift */; };
		8DC0F0B42B899C1C00E29FB2 /* MovieViewModel.swift in Sources */ = {isa = PBXBuildFile; fileRef = 8DC0F0B32B899C1C00E29FB2 /* MovieViewModel.swift */; };
		8DC0F0B72B899DF800E29FB2 /* AnchorExtension.swift in Sources */ = {isa = PBXBuildFile; fileRef = 8DC0F0B62B899DF800E29FB2 /* AnchorExtension.swift */; };
		8DC0F0BB2B899F7600E29FB2 /* SDWebImage in Frameworks */ = {isa = PBXBuildFile; productRef = 8DC0F0BA2B899F7600E29FB2 /* SDWebImage */; };
		8DC0F0BD2B899F7600E29FB2 /* SDWebImageMapKit in Frameworks */ = {isa = PBXBuildFile; productRef = 8DC0F0BC2B899F7600E29FB2 /* SDWebImageMapKit */; };
		8DC0F0BF2B899FDD00E29FB2 /* TopRatedCollectionViewCell.swift in Sources */ = {isa = PBXBuildFile; fileRef = 8DC0F0BE2B899FDD00E29FB2 /* TopRatedCollectionViewCell.swift */; };
		8DC0F0C12B89A09C00E29FB2 /* CastCollectionViewCell.swift in Sources */ = {isa = PBXBuildFile; fileRef = 8DC0F0C02B89A09C00E29FB2 /* CastCollectionViewCell.swift */; };
		8DC0F0C32B89A17500E29FB2 /* RelatedMovieCollectionViewCell.swift in Sources */ = {isa = PBXBuildFile; fileRef = 8DC0F0C22B89A17500E29FB2 /* RelatedMovieCollectionViewCell.swift */; };
		8DC0F0C52B89A1E000E29FB2 /* SearchCollectionViewCell.swift in Sources */ = {isa = PBXBuildFile; fileRef = 8DC0F0C42B89A1E000E29FB2 /* SearchCollectionViewCell.swift */; };
		8DC0F0C82B89A3A600E29FB2 /* SDWebImage in Frameworks */ = {isa = PBXBuildFile; productRef = 8DC0F0C72B89A3A600E29FB2 /* SDWebImage */; };
		8DC0F0CA2B89A3A600E29FB2 /* SDWebImageMapKit in Frameworks */ = {isa = PBXBuildFile; productRef = 8DC0F0C92B89A3A600E29FB2 /* SDWebImageMapKit */; };
/* End PBXBuildFile section */

/* Begin PBXFileReference section */
		8DC0F0752B87EC7D00E29FB2 /* Films.app */ = {isa = PBXFileReference; explicitFileType = wrapper.application; includeInIndex = 0; path = Films.app; sourceTree = BUILT_PRODUCTS_DIR; };
		8DC0F0782B87EC7D00E29FB2 /* AppDelegate.swift */ = {isa = PBXFileReference; lastKnownFileType = sourcecode.swift; path = AppDelegate.swift; sourceTree = "<group>"; };
		8DC0F07C2B87EC7D00E29FB2 /* HomeViewController.swift */ = {isa = PBXFileReference; lastKnownFileType = sourcecode.swift; path = HomeViewController.swift; sourceTree = "<group>"; };
		8DC0F0812B87EC7E00E29FB2 /* Assets.xcassets */ = {isa = PBXFileReference; lastKnownFileType = folder.assetcatalog; path = Assets.xcassets; sourceTree = "<group>"; };
		8DC0F0842B87EC7E00E29FB2 /* Base */ = {isa = PBXFileReference; lastKnownFileType = file.storyboard; name = Base; path = Base.lproj/LaunchScreen.storyboard; sourceTree = "<group>"; };
		8DC0F0862B87EC7E00E29FB2 /* Info.plist */ = {isa = PBXFileReference; lastKnownFileType = text.plist.xml; path = Info.plist; sourceTree = "<group>"; };
		8DC0F0912B87ED2900E29FB2 /* TabBarController.swift */ = {isa = PBXFileReference; lastKnownFileType = sourcecode.swift; path = TabBarController.swift; sourceTree = "<group>"; };
		8DC0F0942B87F12900E29FB2 /* SearchViewController.swift */ = {isa = PBXFileReference; lastKnownFileType = sourcecode.swift; path = SearchViewController.swift; sourceTree = "<group>"; };
		8DC0F0962B87F14200E29FB2 /* FavoriteViewController.swift */ = {isa = PBXFileReference; lastKnownFileType = sourcecode.swift; path = FavoriteViewController.swift; sourceTree = "<group>"; };
		8DC0F09A2B8834E600E29FB2 /* MovieDetailViewController.swift */ = {isa = PBXFileReference; lastKnownFileType = sourcecode.swift; path = MovieDetailViewController.swift; sourceTree = "<group>"; };
		8DC0F0A22B883B8100E29FB2 /* Movie.swift */ = {isa = PBXFileReference; lastKnownFileType = sourcecode.swift; path = Movie.swift; sourceTree = "<group>"; };
		8DC0F0A42B883B9B00E29FB2 /* SingleMovie.swift */ = {isa = PBXFileReference; lastKnownFileType = sourcecode.swift; path = SingleMovie.swift; sourceTree = "<group>"; };
		8DC0F0A72B883D5E00E29FB2 /* APIManager.swift */ = {isa = PBXFileReference; lastKnownFileType = sourcecode.swift; path = APIManager.swift; sourceTree = "<group>"; };
		8DC0F0AA2B883DEA00E29FB2 /* MovieService.swift */ = {isa = PBXFileReference; lastKnownFileType = sourcecode.swift; path = MovieService.swift; sourceTree = "<group>"; };
		8DC0F0AC2B8984DB00E29FB2 /* MovieCredit.swift */ = {isa = PBXFileReference; lastKnownFileType = sourcecode.swift; path = MovieCredit.swift; sourceTree = "<group>"; };
		8DC0F0AE2B898D6B00E29FB2 /* MovieTrailer.swift */ = {isa = PBXFileReference; lastKnownFileType = sourcecode.swift; path = MovieTrailer.swift; sourceTree = "<group>"; };
		8DC0F0B12B899BD500E29FB2 /* MovieViewModelOutput.swift */ = {isa = PBXFileReference; lastKnownFileType = sourcecode.swift; path = MovieViewModelOutput.swift; sourceTree = "<group>"; };
		8DC0F0B32B899C1C00E29FB2 /* MovieViewModel.swift */ = {isa = PBXFileReference; lastKnownFileType = sourcecode.swift; path = MovieViewModel.swift; sourceTree = "<group>"; };
		8DC0F0B62B899DF800E29FB2 /* AnchorExtension.swift */ = {isa = PBXFileReference; lastKnownFileType = sourcecode.swift; path = AnchorExtension.swift; sourceTree = "<group>"; };
		8DC0F0BE2B899FDD00E29FB2 /* TopRatedCollectionViewCell.swift */ = {isa = PBXFileReference; lastKnownFileType = sourcecode.swift; path = TopRatedCollectionViewCell.swift; sourceTree = "<group>"; };
		8DC0F0C02B89A09C00E29FB2 /* CastCollectionViewCell.swift */ = {isa = PBXFileReference; lastKnownFileType = sourcecode.swift; path = CastCollectionViewCell.swift; sourceTree = "<group>"; };
		8DC0F0C22B89A17500E29FB2 /* RelatedMovieCollectionViewCell.swift */ = {isa = PBXFileReference; lastKnownFileType = sourcecode.swift; path = RelatedMovieCollectionViewCell.swift; sourceTree = "<group>"; };
		8DC0F0C42B89A1E000E29FB2 /* SearchCollectionViewCell.swift */ = {isa = PBXFileReference; lastKnownFileType = sourcecode.swift; path = SearchCollectionViewCell.swift; sourceTree = "<group>"; };
/* End PBXFileReference section */

/* Begin PBXFrameworksBuildPhase section */
		8DC0F0722B87EC7D00E29FB2 /* Frameworks */ = {
			isa = PBXFrameworksBuildPhase;
			buildActionMask = 2147483647;
			files = (
				8DC0F0BB2B899F7600E29FB2 /* SDWebImage in Frameworks */,
				8DC0F08E2B87ECDE00E29FB2 /* SnapKit in Frameworks */,
				8DC0F0BD2B899F7600E29FB2 /* SDWebImageMapKit in Frameworks */,
				8DC0F0902B87ECDE00E29FB2 /* SnapKit-Dynamic in Frameworks */,
				8DC0F0CA2B89A3A600E29FB2 /* SDWebImageMapKit in Frameworks */,
				8DC0F0C82B89A3A600E29FB2 /* SDWebImage in Frameworks */,
			);
			runOnlyForDeploymentPostprocessing = 0;
		};
/* End PBXFrameworksBuildPhase section */

/* Begin PBXGroup section */
		8DC0F06C2B87EC7D00E29FB2 = {
			isa = PBXGroup;
			children = (
				8DC0F0772B87EC7D00E29FB2 /* Films */,
				8DC0F0762B87EC7D00E29FB2 /* Products */,
			);
			sourceTree = "<group>";
		};
		8DC0F0762B87EC7D00E29FB2 /* Products */ = {
			isa = PBXGroup;
			children = (
				8DC0F0752B87EC7D00E29FB2 /* Films.app */,
			);
			name = Products;
			sourceTree = "<group>";
		};
		8DC0F0772B87EC7D00E29FB2 /* Films */ = {
			isa = PBXGroup;
			children = (
				8DC0F0782B87EC7D00E29FB2 /* AppDelegate.swift */,
				8DC0F0912B87ED2900E29FB2 /* TabBarController.swift */,
				8DC0F0932B87F11400E29FB2 /* General */,
				8DC0F0982B87F1B400E29FB2 /* Search */,
				8DC0F0992B87F1C400E29FB2 /* Favorite */,
				8DC0F09C2B88350000E29FB2 /* Movie */,
				8DC0F0C62B89A2B800E29FB2 /* View */,
				8DC0F0A92B883DD600E29FB2 /* Networking */,
				8DC0F0B82B899ED100E29FB2 /* Extension */,
				8DC0F0812B87EC7E00E29FB2 /* Assets.xcassets */,
				8DC0F0832B87EC7E00E29FB2 /* LaunchScreen.storyboard */,
				8DC0F0862B87EC7E00E29FB2 /* Info.plist */,
			);
			path = Films;
			sourceTree = "<group>";
		};
		8DC0F0932B87F11400E29FB2 /* General */ = {
			isa = PBXGroup;
			children = (
				8DC0F09E2B8835E800E29FB2 /* View */,
			);
			path = General;
			sourceTree = "<group>";
		};
		8DC0F0982B87F1B400E29FB2 /* Search */ = {
			isa = PBXGroup;
			children = (
				8DC0F09F2B8835FA00E29FB2 /* View */,
			);
			path = Search;
			sourceTree = "<group>";
		};
		8DC0F0992B87F1C400E29FB2 /* Favorite */ = {
			isa = PBXGroup;
			children = (
				8DC0F0962B87F14200E29FB2 /* FavoriteViewController.swift */,
			);
			path = Favorite;
			sourceTree = "<group>";
		};
		8DC0F09C2B88350000E29FB2 /* Movie */ = {
			isa = PBXGroup;
			children = (
				8DC0F09D2B88358000E29FB2 /* View */,
				8DC0F0B52B899D1000E29FB2 /* ViewModel */,
				8DC0F0A62B883BEF00E29FB2 /* Model */,
			);
			path = Movie;
			sourceTree = "<group>";
		};
		8DC0F09D2B88358000E29FB2 /* View */ = {
			isa = PBXGroup;
			children = (
				8DC0F09A2B8834E600E29FB2 /* MovieDetailViewController.swift */,
			);
			path = View;
			sourceTree = "<group>";
		};
		8DC0F09E2B8835E800E29FB2 /* View */ = {
			isa = PBXGroup;
			children = (
				8DC0F07C2B87EC7D00E29FB2 /* HomeViewController.swift */,
			);
			path = View;
			sourceTree = "<group>";
		};
		8DC0F09F2B8835FA00E29FB2 /* View */ = {
			isa = PBXGroup;
			children = (
				8DC0F0942B87F12900E29FB2 /* SearchViewController.swift */,
			);
			path = View;
			sourceTree = "<group>";
		};
		8DC0F0A62B883BEF00E29FB2 /* Model */ = {
			isa = PBXGroup;
			children = (
				8DC0F0A22B883B8100E29FB2 /* Movie.swift */,
				8DC0F0A42B883B9B00E29FB2 /* SingleMovie.swift */,
				8DC0F0AC2B8984DB00E29FB2 /* MovieCredit.swift */,
				8DC0F0AE2B898D6B00E29FB2 /* MovieTrailer.swift */,
			);
			path = Model;
			sourceTree = "<group>";
		};
		8DC0F0A92B883DD600E29FB2 /* Networking */ = {
			isa = PBXGroup;
			children = (
				8DC0F0A72B883D5E00E29FB2 /* APIManager.swift */,
				8DC0F0AA2B883DEA00E29FB2 /* MovieService.swift */,
			);
			path = Networking;
			sourceTree = "<group>";
		};
		8DC0F0B52B899D1000E29FB2 /* ViewModel */ = {
			isa = PBXGroup;
			children = (
				8DC0F0B12B899BD500E29FB2 /* MovieViewModelOutput.swift */,
				8DC0F0B32B899C1C00E29FB2 /* MovieViewModel.swift */,
			);
			path = ViewModel;
			sourceTree = "<group>";
		};
		8DC0F0B82B899ED100E29FB2 /* Extension */ = {
			isa = PBXGroup;
			children = (
				8DC0F0B62B899DF800E29FB2 /* AnchorExtension.swift */,
			);
			path = Extension;
			sourceTree = "<group>";
		};
		8DC0F0C62B89A2B800E29FB2 /* View */ = {
			isa = PBXGroup;
			children = (
				8DC0F0BE2B899FDD00E29FB2 /* TopRatedCollectionViewCell.swift */,
				8DC0F0C02B89A09C00E29FB2 /* CastCollectionViewCell.swift */,
				8DC0F0C22B89A17500E29FB2 /* RelatedMovieCollectionViewCell.swift */,
				8DC0F0C42B89A1E000E29FB2 /* SearchCollectionViewCell.swift */,
			);
			path = View;
			sourceTree = "<group>";
		};
/* End PBXGroup section */

/* Begin PBXNativeTarget section */
		8DC0F0742B87EC7D00E29FB2 /* Films */ = {
			isa = PBXNativeTarget;
			buildConfigurationList = 8DC0F0892B87EC7E00E29FB2 /* Build configuration list for PBXNativeTarget "Films" */;
			buildPhases = (
				8DC0F0712B87EC7D00E29FB2 /* Sources */,
				8DC0F0722B87EC7D00E29FB2 /* Frameworks */,
				8DC0F0732B87EC7D00E29FB2 /* Resources */,
			);
			buildRules = (
			);
			dependencies = (
			);
			name = Films;
			packageProductDependencies = (
				8DC0F08D2B87ECDE00E29FB2 /* SnapKit */,
				8DC0F08F2B87ECDE00E29FB2 /* SnapKit-Dynamic */,
				8DC0F0BA2B899F7600E29FB2 /* SDWebImage */,
				8DC0F0BC2B899F7600E29FB2 /* SDWebImageMapKit */,
				8DC0F0C72B89A3A600E29FB2 /* SDWebImage */,
				8DC0F0C92B89A3A600E29FB2 /* SDWebImageMapKit */,
			);
			productName = Films;
			productReference = 8DC0F0752B87EC7D00E29FB2 /* Films.app */;
			productType = "com.apple.product-type.application";
		};
/* End PBXNativeTarget section */

/* Begin PBXProject section */
		8DC0F06D2B87EC7D00E29FB2 /* Project object */ = {
			isa = PBXProject;
			attributes = {
				BuildIndependentTargetsInParallel = 1;
				LastSwiftUpdateCheck = 1520;
				LastUpgradeCheck = 1520;
				TargetAttributes = {
					8DC0F0742B87EC7D00E29FB2 = {
						CreatedOnToolsVersion = 15.2;
					};
				};
			};
			buildConfigurationList = 8DC0F0702B87EC7D00E29FB2 /* Build configuration list for PBXProject "Films" */;
			compatibilityVersion = "Xcode 14.0";
			developmentRegion = en;
			hasScannedForEncodings = 0;
			knownRegions = (
				en,
				Base,
			);
			mainGroup = 8DC0F06C2B87EC7D00E29FB2;
			packageReferences = (
				8DC0F08C2B87ECDE00E29FB2 /* XCRemoteSwiftPackageReference "SnapKit" */,
				8DC0F0B92B899F7600E29FB2 /* XCRemoteSwiftPackageReference "SDWebImage" */,
			);
			productRefGroup = 8DC0F0762B87EC7D00E29FB2 /* Products */;
			projectDirPath = "";
			projectRoot = "";
			targets = (
				8DC0F0742B87EC7D00E29FB2 /* Films */,
			);
		};
/* End PBXProject section */

/* Begin PBXResourcesBuildPhase section */
		8DC0F0732B87EC7D00E29FB2 /* Resources */ = {
			isa = PBXResourcesBuildPhase;
			buildActionMask = 2147483647;
			files = (
			);
			runOnlyForDeploymentPostprocessing = 0;
		};
/* End PBXResourcesBuildPhase section */

/* Begin PBXSourcesBuildPhase section */
		8DC0F0712B87EC7D00E29FB2 /* Sources */ = {
			isa = PBXSourcesBuildPhase;
			buildActionMask = 2147483647;
			files = (
				8DC0F0922B87ED2900E29FB2 /* TabBarController.swift in Sources */,
				8DC0F0A52B883B9B00E29FB2 /* SingleMovie.swift in Sources */,
				8DC0F0A82B883D5E00E29FB2 /* APIManager.swift in Sources */,
				8DC0F0BF2B899FDD00E29FB2 /* TopRatedCollectionViewCell.swift in Sources */,
				8DC0F07D2B87EC7D00E29FB2 /* HomeViewController.swift in Sources */,
				8DC0F0B22B899BD500E29FB2 /* MovieViewModelOutput.swift in Sources */,
				8DC0F0952B87F12900E29FB2 /* SearchViewController.swift in Sources */,
				8DC0F0792B87EC7D00E29FB2 /* AppDelegate.swift in Sources */,
				8DC0F0AF2B898D6B00E29FB2 /* MovieTrailer.swift in Sources */,
				8DC0F0B72B899DF800E29FB2 /* AnchorExtension.swift in Sources */,
				8DC0F09B2B8834E600E29FB2 /* MovieDetailViewController.swift in Sources */,
				8DC0F0AD2B8984DB00E29FB2 /* MovieCredit.swift in Sources */,
				8DC0F0972B87F14200E29FB2 /* FavoriteViewController.swift in Sources */,
				8DC0F0B42B899C1C00E29FB2 /* MovieViewModel.swift in Sources */,
				8DC0F0C52B89A1E000E29FB2 /* SearchCollectionViewCell.swift in Sources */,
				8DC0F0AB2B883DEA00E29FB2 /* MovieService.swift in Sources */,
				8DC0F0C12B89A09C00E29FB2 /* CastCollectionViewCell.swift in Sources */,
				8DC0F0A32B883B8100E29FB2 /* Movie.swift in Sources */,
				8DC0F0C32B89A17500E29FB2 /* RelatedMovieCollectionViewCell.swift in Sources */,
			);
			runOnlyForDeploymentPostprocessing = 0;
		};
/* End PBXSourcesBuildPhase section */

/* Begin PBXVariantGroup section */
		8DC0F0832B87EC7E00E29FB2 /* LaunchScreen.storyboard */ = {
			isa = PBXVariantGroup;
			children = (
				8DC0F0842B87EC7E00E29FB2 /* Base */,
			);
			name = LaunchScreen.storyboard;
			sourceTree = "<group>";
		};
/* End PBXVariantGroup section */

/* Begin XCBuildConfiguration section */
		8DC0F0872B87EC7E00E29FB2 /* Debug */ = {
			isa = XCBuildConfiguration;
			buildSettings = {
				ALWAYS_SEARCH_USER_PATHS = NO;
				ASSETCATALOG_COMPILER_GENERATE_SWIFT_ASSET_SYMBOL_EXTENSIONS = YES;
				CLANG_ANALYZER_NONNULL = YES;
				CLANG_ANALYZER_NUMBER_OBJECT_CONVERSION = YES_AGGRESSIVE;
				CLANG_CXX_LANGUAGE_STANDARD = "gnu++20";
				CLANG_ENABLE_MODULES = YES;
				CLANG_ENABLE_OBJC_ARC = YES;
				CLANG_ENABLE_OBJC_WEAK = YES;
				CLANG_WARN_BLOCK_CAPTURE_AUTORELEASING = YES;
				CLANG_WARN_BOOL_CONVERSION = YES;
				CLANG_WARN_COMMA = YES;
				CLANG_WARN_CONSTANT_CONVERSION = YES;
				CLANG_WARN_DEPRECATED_OBJC_IMPLEMENTATIONS = YES;
				CLANG_WARN_DIRECT_OBJC_ISA_USAGE = YES_ERROR;
				CLANG_WARN_DOCUMENTATION_COMMENTS = YES;
				CLANG_WARN_EMPTY_BODY = YES;
				CLANG_WARN_ENUM_CONVERSION = YES;
				CLANG_WARN_INFINITE_RECURSION = YES;
				CLANG_WARN_INT_CONVERSION = YES;
				CLANG_WARN_NON_LITERAL_NULL_CONVERSION = YES;
				CLANG_WARN_OBJC_IMPLICIT_RETAIN_SELF = YES;
				CLANG_WARN_OBJC_LITERAL_CONVERSION = YES;
				CLANG_WARN_OBJC_ROOT_CLASS = YES_ERROR;
				CLANG_WARN_QUOTED_INCLUDE_IN_FRAMEWORK_HEADER = YES;
				CLANG_WARN_RANGE_LOOP_ANALYSIS = YES;
				CLANG_WARN_STRICT_PROTOTYPES = YES;
				CLANG_WARN_SUSPICIOUS_MOVE = YES;
				CLANG_WARN_UNGUARDED_AVAILABILITY = YES_AGGRESSIVE;
				CLANG_WARN_UNREACHABLE_CODE = YES;
				CLANG_WARN__DUPLICATE_METHOD_MATCH = YES;
				COPY_PHASE_STRIP = NO;
				DEBUG_INFORMATION_FORMAT = dwarf;
				ENABLE_STRICT_OBJC_MSGSEND = YES;
				ENABLE_TESTABILITY = YES;
				ENABLE_USER_SCRIPT_SANDBOXING = YES;
				GCC_C_LANGUAGE_STANDARD = gnu17;
				GCC_DYNAMIC_NO_PIC = NO;
				GCC_NO_COMMON_BLOCKS = YES;
				GCC_OPTIMIZATION_LEVEL = 0;
				GCC_PREPROCESSOR_DEFINITIONS = (
					"DEBUG=1",
					"$(inherited)",
				);
				GCC_WARN_64_TO_32_BIT_CONVERSION = YES;
				GCC_WARN_ABOUT_RETURN_TYPE = YES_ERROR;
				GCC_WARN_UNDECLARED_SELECTOR = YES;
				GCC_WARN_UNINITIALIZED_AUTOS = YES_AGGRESSIVE;
				GCC_WARN_UNUSED_FUNCTION = YES;
				GCC_WARN_UNUSED_VARIABLE = YES;
				IPHONEOS_DEPLOYMENT_TARGET = 17.2;
				LOCALIZATION_PREFERS_STRING_CATALOGS = YES;
				MTL_ENABLE_DEBUG_INFO = INCLUDE_SOURCE;
				MTL_FAST_MATH = YES;
				ONLY_ACTIVE_ARCH = YES;
				SDKROOT = iphoneos;
				SWIFT_ACTIVE_COMPILATION_CONDITIONS = "DEBUG $(inherited)";
				SWIFT_OPTIMIZATION_LEVEL = "-Onone";
			};
			name = Debug;
		};
		8DC0F0882B87EC7E00E29FB2 /* Release */ = {
			isa = XCBuildConfiguration;
			buildSettings = {
				ALWAYS_SEARCH_USER_PATHS = NO;
				ASSETCATALOG_COMPILER_GENERATE_SWIFT_ASSET_SYMBOL_EXTENSIONS = YES;
				CLANG_ANALYZER_NONNULL = YES;
				CLANG_ANALYZER_NUMBER_OBJECT_CONVERSION = YES_AGGRESSIVE;
				CLANG_CXX_LANGUAGE_STANDARD = "gnu++20";
				CLANG_ENABLE_MODULES = YES;
				CLANG_ENABLE_OBJC_ARC = YES;
				CLANG_ENABLE_OBJC_WEAK = YES;
				CLANG_WARN_BLOCK_CAPTURE_AUTORELEASING = YES;
				CLANG_WARN_BOOL_CONVERSION = YES;
				CLANG_WARN_COMMA = YES;
				CLANG_WARN_CONSTANT_CONVERSION = YES;
				CLANG_WARN_DEPRECATED_OBJC_IMPLEMENTATIONS = YES;
				CLANG_WARN_DIRECT_OBJC_ISA_USAGE = YES_ERROR;
				CLANG_WARN_DOCUMENTATION_COMMENTS = YES;
				CLANG_WARN_EMPTY_BODY = YES;
				CLANG_WARN_ENUM_CONVERSION = YES;
				CLANG_WARN_INFINITE_RECURSION = YES;
				CLANG_WARN_INT_CONVERSION = YES;
				CLANG_WARN_NON_LITERAL_NULL_CONVERSION = YES;
				CLANG_WARN_OBJC_IMPLICIT_RETAIN_SELF = YES;
				CLANG_WARN_OBJC_LITERAL_CONVERSION = YES;
				CLANG_WARN_OBJC_ROOT_CLASS = YES_ERROR;
				CLANG_WARN_QUOTED_INCLUDE_IN_FRAMEWORK_HEADER = YES;
				CLANG_WARN_RANGE_LOOP_ANALYSIS = YES;
				CLANG_WARN_STRICT_PROTOTYPES = YES;
				CLANG_WARN_SUSPICIOUS_MOVE = YES;
				CLANG_WARN_UNGUARDED_AVAILABILITY = YES_AGGRESSIVE;
				CLANG_WARN_UNREACHABLE_CODE = YES;
				CLANG_WARN__DUPLICATE_METHOD_MATCH = YES;
				COPY_PHASE_STRIP = NO;
				DEBUG_INFORMATION_FORMAT = "dwarf-with-dsym";
				ENABLE_NS_ASSERTIONS = NO;
				ENABLE_STRICT_OBJC_MSGSEND = YES;
				ENABLE_USER_SCRIPT_SANDBOXING = YES;
				GCC_C_LANGUAGE_STANDARD = gnu17;
				GCC_NO_COMMON_BLOCKS = YES;
				GCC_WARN_64_TO_32_BIT_CONVERSION = YES;
				GCC_WARN_ABOUT_RETURN_TYPE = YES_ERROR;
				GCC_WARN_UNDECLARED_SELECTOR = YES;
				GCC_WARN_UNINITIALIZED_AUTOS = YES_AGGRESSIVE;
				GCC_WARN_UNUSED_FUNCTION = YES;
				GCC_WARN_UNUSED_VARIABLE = YES;
				IPHONEOS_DEPLOYMENT_TARGET = 17.2;
				LOCALIZATION_PREFERS_STRING_CATALOGS = YES;
				MTL_ENABLE_DEBUG_INFO = NO;
				MTL_FAST_MATH = YES;
				SDKROOT = iphoneos;
				SWIFT_COMPILATION_MODE = wholemodule;
				VALIDATE_PRODUCT = YES;
			};
			name = Release;
		};
		8DC0F08A2B87EC7E00E29FB2 /* Debug */ = {
			isa = XCBuildConfiguration;
			buildSettings = {
				ASSETCATALOG_COMPILER_APPICON_NAME = AppIcon;
				ASSETCATALOG_COMPILER_GLOBAL_ACCENT_COLOR_NAME = AccentColor;
				CODE_SIGN_STYLE = Automatic;
				CURRENT_PROJECT_VERSION = 1;
				GENERATE_INFOPLIST_FILE = YES;
				INFOPLIST_FILE = Films/Info.plist;
				INFOPLIST_KEY_UIApplicationSupportsIndirectInputEvents = YES;
				INFOPLIST_KEY_UILaunchStoryboardName = LaunchScreen;
				INFOPLIST_KEY_UISupportedInterfaceOrientations_iPad = "UIInterfaceOrientationPortrait UIInterfaceOrientationPortraitUpsideDown UIInterfaceOrientationLandscapeLeft UIInterfaceOrientationLandscapeRight";
				INFOPLIST_KEY_UISupportedInterfaceOrientations_iPhone = "UIInterfaceOrientationPortrait UIInterfaceOrientationLandscapeLeft UIInterfaceOrientationLandscapeRight";
				LD_RUNPATH_SEARCH_PATHS = (
					"$(inherited)",
					"@executable_path/Frameworks",
				);
				MARKETING_VERSION = 1.0;
				PRODUCT_BUNDLE_IDENTIFIER = com.Sauron.Films;
				PRODUCT_NAME = "$(TARGET_NAME)";
				SWIFT_EMIT_LOC_STRINGS = YES;
				SWIFT_VERSION = 5.0;
				TARGETED_DEVICE_FAMILY = "1,2";
			};
			name = Debug;
		};
		8DC0F08B2B87EC7E00E29FB2 /* Release */ = {
			isa = XCBuildConfiguration;
			buildSettings = {
				ASSETCATALOG_COMPILER_APPICON_NAME = AppIcon;
				ASSETCATALOG_COMPILER_GLOBAL_ACCENT_COLOR_NAME = AccentColor;
				CODE_SIGN_STYLE = Automatic;
				CURRENT_PROJECT_VERSION = 1;
				GENERATE_INFOPLIST_FILE = YES;
				INFOPLIST_FILE = Films/Info.plist;
				INFOPLIST_KEY_UIApplicationSupportsIndirectInputEvents = YES;
				INFOPLIST_KEY_UILaunchStoryboardName = LaunchScreen;
				INFOPLIST_KEY_UISupportedInterfaceOrientations_iPad = "UIInterfaceOrientationPortrait UIInterfaceOrientationPortraitUpsideDown UIInterfaceOrientationLandscapeLeft UIInterfaceOrientationLandscapeRight";
				INFOPLIST_KEY_UISupportedInterfaceOrientations_iPhone = "UIInterfaceOrientationPortrait UIInterfaceOrientationLandscapeLeft UIInterfaceOrientationLandscapeRight";
				LD_RUNPATH_SEARCH_PATHS = (
					"$(inherited)",
					"@executable_path/Frameworks",
				);
				MARKETING_VERSION = 1.0;
				PRODUCT_BUNDLE_IDENTIFIER = com.Sauron.Films;
				PRODUCT_NAME = "$(TARGET_NAME)";
				SWIFT_EMIT_LOC_STRINGS = YES;
				SWIFT_VERSION = 5.0;
				TARGETED_DEVICE_FAMILY = "1,2";
			};
			name = Release;
		};
/* End XCBuildConfiguration section */

/* Begin XCConfigurationList section */
		8DC0F0702B87EC7D00E29FB2 /* Build configuration list for PBXProject "Films" */ = {
			isa = XCConfigurationList;
			buildConfigurations = (
				8DC0F0872B87EC7E00E29FB2 /* Debug */,
				8DC0F0882B87EC7E00E29FB2 /* Release */,
			);
			defaultConfigurationIsVisible = 0;
			defaultConfigurationName = Release;
		};
		8DC0F0892B87EC7E00E29FB2 /* Build configuration list for PBXNativeTarget "Films" */ = {
			isa = XCConfigurationList;
			buildConfigurations = (
				8DC0F08A2B87EC7E00E29FB2 /* Debug */,
				8DC0F08B2B87EC7E00E29FB2 /* Release */,
			);
			defaultConfigurationIsVisible = 0;
			defaultConfigurationName = Release;
		};
/* End XCConfigurationList section */

/* Begin XCRemoteSwiftPackageReference section */
		8DC0F08C2B87ECDE00E29FB2 /* XCRemoteSwiftPackageReference "SnapKit" */ = {
			isa = XCRemoteSwiftPackageReference;
			repositoryURL = "https://github.com/SnapKit/SnapKit";
			requirement = {
				kind = upToNextMajorVersion;
				minimumVersion = 5.7.1;
			};
		};
		8DC0F0B92B899F7600E29FB2 /* XCRemoteSwiftPackageReference "SDWebImage" */ = {
			isa = XCRemoteSwiftPackageReference;
			repositoryURL = "https://github.com/SDWebImage/SDWebImage";
			requirement = {
				kind = upToNextMajorVersion;
				minimumVersion = 5.18.11;
			};
		};
/* End XCRemoteSwiftPackageReference section */

/* Begin XCSwiftPackageProductDependency section */
		8DC0F08D2B87ECDE00E29FB2 /* SnapKit */ = {
			isa = XCSwiftPackageProductDependency;
			package = 8DC0F08C2B87ECDE00E29FB2 /* XCRemoteSwiftPackageReference "SnapKit" */;
			productName = SnapKit;
		};
		8DC0F08F2B87ECDE00E29FB2 /* SnapKit-Dynamic */ = {
			isa = XCSwiftPackageProductDependency;
			package = 8DC0F08C2B87ECDE00E29FB2 /* XCRemoteSwiftPackageReference "SnapKit" */;
			productName = "SnapKit-Dynamic";
		};
		8DC0F0BA2B899F7600E29FB2 /* SDWebImage */ = {
			isa = XCSwiftPackageProductDependency;
			package = 8DC0F0B92B899F7600E29FB2 /* XCRemoteSwiftPackageReference "SDWebImage" */;
			productName = SDWebImage;
		};
		8DC0F0BC2B899F7600E29FB2 /* SDWebImageMapKit */ = {
			isa = XCSwiftPackageProductDependency;
			package = 8DC0F0B92B899F7600E29FB2 /* XCRemoteSwiftPackageReference "SDWebImage" */;
			productName = SDWebImageMapKit;
		};
		8DC0F0C72B89A3A600E29FB2 /* SDWebImage */ = {
			isa = XCSwiftPackageProductDependency;
			package = 8DC0F0B92B899F7600E29FB2 /* XCRemoteSwiftPackageReference "SDWebImage" */;
			productName = SDWebImage;
		};
		8DC0F0C92B89A3A600E29FB2 /* SDWebImageMapKit */ = {
			isa = XCSwiftPackageProductDependency;
			package = 8DC0F0B92B899F7600E29FB2 /* XCRemoteSwiftPackageReference "SDWebImage" */;
			productName = SDWebImageMapKit;
		};
/* End XCSwiftPackageProductDependency section */
	};
	rootObject = 8DC0F06D2B87EC7D00E29FB2 /* Project object */;
}
